{
  "name": "gopherjs",
  "requires": true,
  "lockfileVersion": 1,
  "dependencies": {
    "commander": {
      "version": "2.13.0",
      "resolved": "https://registry.npmjs.org/commander/-/commander-2.13.0.tgz",
      "integrity": "sha1-aWS8pnaF33wfFDDFhPB9dZeIW5w=",
      "dev": true
    },
    "prettier": {
      "version": "1.12.0",
      "resolved": "https://registry.npmjs.org/prettier/-/prettier-1.12.0.tgz",
      "integrity": "sha512-Wz0SMncgaglBzDcohH3ZIAi4nVpzOIEweFzCOmgVEoRSeO72b4dcKGfgxoRGVMaFlh1r7dlVaJ+f3CIHfeH6xg==",
      "dev": true
    },
    "source-map": {
      "version": "0.6.1",
      "resolved": "https://registry.npmjs.org/source-map/-/source-map-0.6.1.tgz",
      "integrity": "sha1-dHIq8y6WFOnCh6jQu95IteLxomM=",
      "dev": true
    },
    "uglify-es": {
      "version": "3.3.9",
      "resolved": "https://registry.npmjs.org/uglify-es/-/uglify-es-3.3.9.tgz",
      "integrity": "sha1-DBxPBwC+2NvBJM2zBNJZLKID5nc=",
      "dev": true,
      "requires": {
        "commander": "~2.13.0",
        "source-map": "~0.6.1"
      }
    }
  }
}
